
Microsoft Visual Studio Solution File, Format Version 12.00
Project("{FAE04EC0-301F-11D3-BF4B-00C04F79EFBC}") = "RimDungeon_Traps", "RimDungeon_Traps.csproj", "{B2EED731-A7B5-4154-94E2-C6FE243C7320}"
EndProject
Global
	GlobalSection(SolutionConfigurationPlatforms) = preSolution
		Debug|Any CPU = Debug|Any CPU
		Release|Any CPU = Release|Any CPU
	EndGlobalSection
	GlobalSection(ProjectConfigurationPlatforms) = postSolution
		{B2EED731-A7B5-4154-94E2-C6FE243C7320}.Debug|Any CPU.ActiveCfg = Debug|Any CPU
		{B2EED731-A7B5-4154-94E2-C6FE243C7320}.Debug|Any CPU.Build.0 = Debug|Any CPU
		{B2EED731-A7B5-4154-94E2-C6FE243C7320}.Release|Any CPU.ActiveCfg = Release|Any CPU
		{B2EED731-A7B5-4154-94E2-C6FE243C7320}.Release|Any CPU.Build.0 = Release|Any CPU
		{B2EED731-A7B5-4154-94E2-C6FE243C7320}.Release|Any CPU.Deploy.0 = Release|Any CPU
	EndGlobalSection
EndGlobal
