
Microsoft Visual Studio Solution File, Format Version 12.00
Project("{FAE04EC0-301F-11D3-BF4B-00C04F79EFBC}") = "RimDungeon_Traps", "RimDungeon_Traps.csproj", "{A330E211-984B-4527-8570-BC542B006DA8}"
EndProject
Global
	GlobalSection(SolutionConfigurationPlatforms) = preSolution
		Debug|Any CPU = Debug|Any CPU
		Release|Any CPU = Release|Any CPU
	EndGlobalSection
	GlobalSection(ProjectConfigurationPlatforms) = postSolution
		{A330E211-984B-4527-8570-BC542B006DA8}.Debug|Any CPU.ActiveCfg = Debug|Any CPU
		{A330E211-984B-4527-8570-BC542B006DA8}.Debug|Any CPU.Build.0 = Debug|Any CPU
		{A330E211-984B-4527-8570-BC542B006DA8}.Release|Any CPU.ActiveCfg = Release|Any CPU
		{A330E211-984B-4527-8570-BC542B006DA8}.Release|Any CPU.Build.0 = Release|Any CPU
	EndGlobalSection
EndGlobal
